
Microsoft Visual Studio Solution File, Format Version 12.00
# Visual Studio 15
VisualStudioVersion = 15.0.27703.2026
MinimumVisualStudioVersion = 10.0.40219.1
Project("{FAE04EC0-301F-11D3-BF4B-00C04F79EFBC}") = "SSSQA2019", "SSSQA2019\SSSQA2019.csproj", "{9058E8DF-936F-431E-A8EC-C2DFA73937D0}"
EndProject
Global
	GlobalSection(SolutionConfigurationPlatforms) = preSolution
		Debug|Any CPU = Debug|Any CPU
		Release|Any CPU = Release|Any CPU
	EndGlobalSection
	GlobalSection(ProjectConfigurationPlatforms) = postSolution
		{9058E8DF-936F-431E-A8EC-C2DFA73937D0}.Debug|Any CPU.ActiveCfg = Debug|Any CPU
		{9058E8DF-936F-431E-A8EC-C2DFA73937D0}.Debug|Any CPU.Build.0 = Debug|Any CPU
		{9058E8DF-936F-431E-A8EC-C2DFA73937D0}.Release|Any CPU.ActiveCfg = Release|Any CPU
		{9058E8DF-936F-431E-A8EC-C2DFA73937D0}.Release|Any CPU.Build.0 = Release|Any CPU
	EndGlobalSection
	GlobalSection(SolutionProperties) = preSolution
		HideSolutionNode = FALSE
	EndGlobalSection
	GlobalSection(ExtensibilityGlobals) = postSolution
		SolutionGuid = {40F86D9C-932E-4F7F-B8BB-7A674CB447F4}
	EndGlobalSection
EndGlobal
